{
  "lockfileVersion": 2,
  "configVersion": 1,
  "workspaces": {
    "": {
      "name": "fixture-astro-server",
      "dependencies": {
        "@astrojs/node": "file:./vendor/@astrojs/node",
        "astro": "file:./vendor/astro",
      },
    },
  },
  "packages": {
    "@astrojs/node": ["@astrojs/node@file:vendor/@astrojs/node", {}],

    "astro": ["astro@file:vendor/astro", {}],
  }
}
